
Microsoft Visual Studio Solution File, Format Version 12.00
# Visual Studio Version 16
VisualStudioVersion = 16.0.29806.167
MinimumVisualStudioVersion = 10.0.40219.1
Project("{9A19103F-16F7-4668-BE54-9A1E7A4F7556}") = "CargaProdutos", "ConsoleApp1\CargaProdutos.csproj", "{BACFADE7-1141-4741-8FD0-E05893C9FE09}"
EndProject
Project("{FAE04EC0-301F-11D3-BF4B-00C04F79EFBC}") = "APIProdutos", "APIProdutos\APIProdutos.csproj", "{2D2E2D5B-073A-4600-93CF-C61F242A90C8}"
EndProject
Global
	GlobalSection(SolutionConfigurationPlatforms) = preSolution
		Debug|Any CPU = Debug|Any CPU
		Release|Any CPU = Release|Any CPU
	EndGlobalSection
	GlobalSection(ProjectConfigurationPlatforms) = postSolution
		{BACFADE7-1141-4741-8FD0-E05893C9FE09}.Debug|Any CPU.ActiveCfg = Debug|Any CPU
		{BACFADE7-1141-4741-8FD0-E05893C9FE09}.Debug|Any CPU.Build.0 = Debug|Any CPU
		{BACFADE7-1141-4741-8FD0-E05893C9FE09}.Release|Any CPU.ActiveCfg = Release|Any CPU
		{BACFADE7-1141-4741-8FD0-E05893C9FE09}.Release|Any CPU.Build.0 = Release|Any CPU
		{2D2E2D5B-073A-4600-93CF-C61F242A90C8}.Debug|Any CPU.ActiveCfg = Debug|Any CPU
		{2D2E2D5B-073A-4600-93CF-C61F242A90C8}.Debug|Any CPU.Build.0 = Debug|Any CPU
		{2D2E2D5B-073A-4600-93CF-C61F242A90C8}.Release|Any CPU.ActiveCfg = Release|Any CPU
		{2D2E2D5B-073A-4600-93CF-C61F242A90C8}.Release|Any CPU.Build.0 = Release|Any CPU
	EndGlobalSection
	GlobalSection(SolutionProperties) = preSolution
		HideSolutionNode = FALSE
	EndGlobalSection
	GlobalSection(ExtensibilityGlobals) = postSolution
		SolutionGuid = {B733BF19-07AD-4C24-BEB1-AD75AD11B547}
	EndGlobalSection
EndGlobal
