
Microsoft Visual Studio Solution File, Format Version 12.00
# Visual Studio Version 16
VisualStudioVersion = 16.0.29806.167
MinimumVisualStudioVersion = 15.0.26124.0
Project("{2150E333-8FDC-42A3-9474-1A3956D46DE8}") = "01-FrontEnd", "01-FrontEnd", "{52C51081-5984-4CFF-87BB-862CCEF1B375}"
EndProject
Project("{FAE04EC0-301F-11D3-BF4B-00C04F79EFBC}") = "FDE.Api", "01-FrontEnd\FDE.Api\FDE.Api.csproj", "{15CA5545-770A-45B0-B6AE-65A32C79F118}"
EndProject
Global
	GlobalSection(SolutionConfigurationPlatforms) = preSolution
		Debug|Any CPU = Debug|Any CPU
		Debug|x64 = Debug|x64
		Debug|x86 = Debug|x86
		Release|Any CPU = Release|Any CPU
		Release|x64 = Release|x64
		Release|x86 = Release|x86
	EndGlobalSection
	GlobalSection(ProjectConfigurationPlatforms) = postSolution
		{15CA5545-770A-45B0-B6AE-65A32C79F118}.Debug|Any CPU.ActiveCfg = Debug|Any CPU
		{15CA5545-770A-45B0-B6AE-65A32C79F118}.Debug|Any CPU.Build.0 = Debug|Any CPU
		{15CA5545-770A-45B0-B6AE-65A32C79F118}.Debug|x64.ActiveCfg = Debug|Any CPU
		{15CA5545-770A-45B0-B6AE-65A32C79F118}.Debug|x64.Build.0 = Debug|Any CPU
		{15CA5545-770A-45B0-B6AE-65A32C79F118}.Debug|x86.ActiveCfg = Debug|Any CPU
		{15CA5545-770A-45B0-B6AE-65A32C79F118}.Debug|x86.Build.0 = Debug|Any CPU
		{15CA5545-770A-45B0-B6AE-65A32C79F118}.Release|Any CPU.ActiveCfg = Release|Any CPU
		{15CA5545-770A-45B0-B6AE-65A32C79F118}.Release|Any CPU.Build.0 = Release|Any CPU
		{15CA5545-770A-45B0-B6AE-65A32C79F118}.Release|x64.ActiveCfg = Release|Any CPU
		{15CA5545-770A-45B0-B6AE-65A32C79F118}.Release|x64.Build.0 = Release|Any CPU
		{15CA5545-770A-45B0-B6AE-65A32C79F118}.Release|x86.ActiveCfg = Release|Any CPU
		{15CA5545-770A-45B0-B6AE-65A32C79F118}.Release|x86.Build.0 = Release|Any CPU
	EndGlobalSection
	GlobalSection(SolutionProperties) = preSolution
		HideSolutionNode = FALSE
	EndGlobalSection
	GlobalSection(NestedProjects) = preSolution
		{15CA5545-770A-45B0-B6AE-65A32C79F118} = {52C51081-5984-4CFF-87BB-862CCEF1B375}
	EndGlobalSection
	GlobalSection(ExtensibilityGlobals) = postSolution
		SolutionGuid = {B5435314-1EF2-4E43-BBF3-395873E3B157}
	EndGlobalSection
EndGlobal
